
Microsoft Visual Studio Solution File, Format Version 12.00
# Visual Studio 15
VisualStudioVersion = 15.0.28307.2092
MinimumVisualStudioVersion = 10.0.40219.1
Project("{2150E333-8FDC-42A3-9474-1A3956D46DE8}") = "CapaDatos", "CapaDatos", "{C59B34ED-9D89-4176-8CD8-459C9A272455}"
EndProject
Project("{2150E333-8FDC-42A3-9474-1A3956D46DE8}") = "CapaModelo", "CapaModelo", "{91AB31A8-081A-4177-8371-06EE9E6022A5}"
EndProject
Project("{FAE04EC0-301F-11D3-BF4B-00C04F79EFBC}") = "CapaModelo", "CapaModelo\CapaModelo.csproj", "{BA03EFD6-4928-4E2D-9B62-E282F2903FF0}"
EndProject
Project("{FAE04EC0-301F-11D3-BF4B-00C04F79EFBC}") = "CapaDatos", "CapaDatos\CapaDatos.csproj", "{2D10C0B3-5B1F-4B4C-8BED-AE80A6010835}"
EndProject
Project("{FAE04EC0-301F-11D3-BF4B-00C04F79EFBC}") = "SistemaIntegradoGestion", "SistemaIntegradoGestion\SistemaIntegradoGestion.csproj", "{AC649B5D-C7CF-40DF-9D5E-5B841ABB9A37}"
EndProject
Global
	GlobalSection(SolutionConfigurationPlatforms) = preSolution
		Debug|Any CPU = Debug|Any CPU
		Release|Any CPU = Release|Any CPU
	EndGlobalSection
	GlobalSection(ProjectConfigurationPlatforms) = postSolution
		{BA03EFD6-4928-4E2D-9B62-E282F2903FF0}.Debug|Any CPU.ActiveCfg = Debug|Any CPU
		{BA03EFD6-4928-4E2D-9B62-E282F2903FF0}.Debug|Any CPU.Build.0 = Debug|Any CPU
		{BA03EFD6-4928-4E2D-9B62-E282F2903FF0}.Release|Any CPU.ActiveCfg = Release|Any CPU
		{BA03EFD6-4928-4E2D-9B62-E282F2903FF0}.Release|Any CPU.Build.0 = Release|Any CPU
		{2D10C0B3-5B1F-4B4C-8BED-AE80A6010835}.Debug|Any CPU.ActiveCfg = Debug|Any CPU
		{2D10C0B3-5B1F-4B4C-8BED-AE80A6010835}.Debug|Any CPU.Build.0 = Debug|Any CPU
		{2D10C0B3-5B1F-4B4C-8BED-AE80A6010835}.Release|Any CPU.ActiveCfg = Release|Any CPU
		{2D10C0B3-5B1F-4B4C-8BED-AE80A6010835}.Release|Any CPU.Build.0 = Release|Any CPU
		{AC649B5D-C7CF-40DF-9D5E-5B841ABB9A37}.Debug|Any CPU.ActiveCfg = Debug|Any CPU
		{AC649B5D-C7CF-40DF-9D5E-5B841ABB9A37}.Debug|Any CPU.Build.0 = Debug|Any CPU
		{AC649B5D-C7CF-40DF-9D5E-5B841ABB9A37}.Release|Any CPU.ActiveCfg = Release|Any CPU
		{AC649B5D-C7CF-40DF-9D5E-5B841ABB9A37}.Release|Any CPU.Build.0 = Release|Any CPU
	EndGlobalSection
	GlobalSection(SolutionProperties) = preSolution
		HideSolutionNode = FALSE
	EndGlobalSection
	GlobalSection(NestedProjects) = preSolution
		{BA03EFD6-4928-4E2D-9B62-E282F2903FF0} = {91AB31A8-081A-4177-8371-06EE9E6022A5}
		{2D10C0B3-5B1F-4B4C-8BED-AE80A6010835} = {C59B34ED-9D89-4176-8CD8-459C9A272455}
	EndGlobalSection
	GlobalSection(ExtensibilityGlobals) = postSolution
		SolutionGuid = {3042F47F-175B-4EC9-AF2B-4528AAA662C4}
	EndGlobalSection
EndGlobal
